
Microsoft Visual Studio Solution File, Format Version 12.00
# Visual Studio Version 17
VisualStudioVersion = 17.11.35327.3
MinimumVisualStudioVersion = 10.0.40219.1
Project("{FAE04EC0-301F-11D3-BF4B-00C04F79EFBC}") = "SupplyTrackr-API", "SupplyTrackr-API.csproj", "{6E15EB2E-DAB3-4466-8DB3-BC7BE85AE138}"
EndProject
Global
	GlobalSection(SolutionConfigurationPlatforms) = preSolution
		Debug|Any CPU = Debug|Any CPU
		Release|Any CPU = Release|Any CPU
	EndGlobalSection
	GlobalSection(ProjectConfigurationPlatforms) = postSolution
		{6E15EB2E-DAB3-4466-8DB3-BC7BE85AE138}.Debug|Any CPU.ActiveCfg = Debug|Any CPU
		{6E15EB2E-DAB3-4466-8DB3-BC7BE85AE138}.Debug|Any CPU.Build.0 = Debug|Any CPU
		{6E15EB2E-DAB3-4466-8DB3-BC7BE85AE138}.Release|Any CPU.ActiveCfg = Release|Any CPU
		{6E15EB2E-DAB3-4466-8DB3-BC7BE85AE138}.Release|Any CPU.Build.0 = Release|Any CPU
	EndGlobalSection
	GlobalSection(SolutionProperties) = preSolution
		HideSolutionNode = FALSE
	EndGlobalSection
	GlobalSection(ExtensibilityGlobals) = postSolution
		SolutionGuid = {37713F01-01DD-423E-95B5-5E6A30A04358}
	EndGlobalSection
EndGlobal
